
Microsoft Visual Studio Solution File, Format Version 12.00
# Visual Studio Version 17
VisualStudioVersion = 17.3.32804.467
MinimumVisualStudioVersion = 10.0.40219.1
Project("{FAE04EC0-301F-11D3-BF4B-00C04F79EFBC}") = "NEW-BATCH1-DET-2022", "NEW-BATCH1-DET-2022\NEW-BATCH1-DET-2022.csproj", "{C89BAF17-8831-4E7A-B6EC-F5F966ACC737}"
EndProject
Global
	GlobalSection(SolutionConfigurationPlatforms) = preSolution
		Debug|Any CPU = Debug|Any CPU
		Release|Any CPU = Release|Any CPU
	EndGlobalSection
	GlobalSection(ProjectConfigurationPlatforms) = postSolution
		{C89BAF17-8831-4E7A-B6EC-F5F966ACC737}.Debug|Any CPU.ActiveCfg = Debug|Any CPU
		{C89BAF17-8831-4E7A-B6EC-F5F966ACC737}.Debug|Any CPU.Build.0 = Debug|Any CPU
		{C89BAF17-8831-4E7A-B6EC-F5F966ACC737}.Release|Any CPU.ActiveCfg = Release|Any CPU
		{C89BAF17-8831-4E7A-B6EC-F5F966ACC737}.Release|Any CPU.Build.0 = Release|Any CPU
	EndGlobalSection
	GlobalSection(SolutionProperties) = preSolution
		HideSolutionNode = FALSE
	EndGlobalSection
	GlobalSection(ExtensibilityGlobals) = postSolution
		SolutionGuid = {1A797F70-2E86-482B-AC31-3E51C6C680E6}
	EndGlobalSection
EndGlobal
