
Microsoft Visual Studio Solution File, Format Version 12.00
# Visual Studio Version 17
VisualStudioVersion = 17.3.32804.467
MinimumVisualStudioVersion = 10.0.40219.1
Project("{9A19103F-16F7-4668-BE54-9A1E7A4F7556}") = "MyClassLib", "MyClassLib\MyClassLib.csproj", "{57720A2F-DE2E-4CD6-B947-B0FCE74435A5}"
EndProject
Project("{9A19103F-16F7-4668-BE54-9A1E7A4F7556}") = "MyClassLib_Client", "MyClassLib_Client\MyClassLib_Client.csproj", "{A19962F2-3AAE-4616-84D0-1715B2D15ED8}"
EndProject
Project("{FAE04EC0-301F-11D3-BF4B-00C04F79EFBC}") = "TestMyClientLib", "TestMyClientLib\TestMyClientLib.csproj", "{384940DA-77F2-4427-93B2-1A611BE0E9BF}"
EndProject
Global
	GlobalSection(SolutionConfigurationPlatforms) = preSolution
		Debug|Any CPU = Debug|Any CPU
		Release|Any CPU = Release|Any CPU
	EndGlobalSection
	GlobalSection(ProjectConfigurationPlatforms) = postSolution
		{57720A2F-DE2E-4CD6-B947-B0FCE74435A5}.Debug|Any CPU.ActiveCfg = Debug|Any CPU
		{57720A2F-DE2E-4CD6-B947-B0FCE74435A5}.Debug|Any CPU.Build.0 = Debug|Any CPU
		{57720A2F-DE2E-4CD6-B947-B0FCE74435A5}.Release|Any CPU.ActiveCfg = Release|Any CPU
		{57720A2F-DE2E-4CD6-B947-B0FCE74435A5}.Release|Any CPU.Build.0 = Release|Any CPU
		{A19962F2-3AAE-4616-84D0-1715B2D15ED8}.Debug|Any CPU.ActiveCfg = Debug|Any CPU
		{A19962F2-3AAE-4616-84D0-1715B2D15ED8}.Debug|Any CPU.Build.0 = Debug|Any CPU
		{A19962F2-3AAE-4616-84D0-1715B2D15ED8}.Release|Any CPU.ActiveCfg = Release|Any CPU
		{A19962F2-3AAE-4616-84D0-1715B2D15ED8}.Release|Any CPU.Build.0 = Release|Any CPU
		{384940DA-77F2-4427-93B2-1A611BE0E9BF}.Debug|Any CPU.ActiveCfg = Debug|Any CPU
		{384940DA-77F2-4427-93B2-1A611BE0E9BF}.Debug|Any CPU.Build.0 = Debug|Any CPU
		{384940DA-77F2-4427-93B2-1A611BE0E9BF}.Release|Any CPU.ActiveCfg = Release|Any CPU
		{384940DA-77F2-4427-93B2-1A611BE0E9BF}.Release|Any CPU.Build.0 = Release|Any CPU
	EndGlobalSection
	GlobalSection(SolutionProperties) = preSolution
		HideSolutionNode = FALSE
	EndGlobalSection
	GlobalSection(ExtensibilityGlobals) = postSolution
		SolutionGuid = {2FC7CCD7-EEB7-46AD-98FD-E9C5B763ED97}
	EndGlobalSection
EndGlobal
